
Microsoft Visual Studio Solution File, Format Version 12.00
# Visual Studio Version 16
VisualStudioVersion = 16.0.29806.167
MinimumVisualStudioVersion = 10.0.40219.1
Project("{8BC9CEB8-8B4A-11D0-8D11-00A0C91BC942}") = "PandaTerrain", "PandaTerrain\PandaTerrain.vcxproj", "{AEFA6661-6A6D-4D1A-BCF0-5168AE62CB12}"
EndProject
Global
	GlobalSection(SolutionConfigurationPlatforms) = preSolution
		Debug|x64 = Debug|x64
		Debug|x86 = Debug|x86
		Release|x64 = Release|x64
		Release|x86 = Release|x86
	EndGlobalSection
	GlobalSection(ProjectConfigurationPlatforms) = postSolution
		{AEFA6661-6A6D-4D1A-BCF0-5168AE62CB12}.Debug|x64.ActiveCfg = Debug|x64
		{AEFA6661-6A6D-4D1A-BCF0-5168AE62CB12}.Debug|x64.Build.0 = Debug|x64
		{AEFA6661-6A6D-4D1A-BCF0-5168AE62CB12}.Debug|x86.ActiveCfg = Debug|Win32
		{AEFA6661-6A6D-4D1A-BCF0-5168AE62CB12}.Debug|x86.Build.0 = Debug|Win32
		{AEFA6661-6A6D-4D1A-BCF0-5168AE62CB12}.Release|x64.ActiveCfg = Release|x64
		{AEFA6661-6A6D-4D1A-BCF0-5168AE62CB12}.Release|x64.Build.0 = Release|x64
		{AEFA6661-6A6D-4D1A-BCF0-5168AE62CB12}.Release|x86.ActiveCfg = Release|Win32
		{AEFA6661-6A6D-4D1A-BCF0-5168AE62CB12}.Release|x86.Build.0 = Release|Win32
	EndGlobalSection
	GlobalSection(SolutionProperties) = preSolution
		HideSolutionNode = FALSE
	EndGlobalSection
	GlobalSection(ExtensibilityGlobals) = postSolution
		SolutionGuid = {1E4B2039-3F63-45BC-BE1F-8DE3BC499D92}
	EndGlobalSection
EndGlobal
